// !$*UTF8*$!
{
	archiveVersion = 1;
	classes = {
	};
	objectVersion = 46;
	objects = {

/* Begin PBXBuildFile section */
		041397A01C29333A00851D04 /* Social.framework in Frameworks */ = {isa = PBXBuildFile; fileRef = 0413979F1C29333A00851D04 /* Social.framework */; };
		041397A21C29335B00851D04 /* Accounts.framework in Frameworks */ = {isa = PBXBuildFile; fileRef = 041397A11C29335B00851D04 /* Accounts.framework */; };
		0423AB491C1A9AD600D61910 /* Base64.m in Sources */ = {isa = PBXBuildFile; fileRef = 0423AB481C1A9AD600D61910 /* Base64.m */; };
		04264CE21C44E6780078FA4D /* MoviesPersonsDetailView.m in Sources */ = {isa = PBXBuildFile; fileRef = 04264CE01C44E6780078FA4D /* MoviesPersonsDetailView.m */; };
		04264CE31C44E6780078FA4D /* MoviesPersonsDetailView.xib in Resources */ = {isa = PBXBuildFile; fileRef = 04264CE11C44E6780078FA4D /* MoviesPersonsDetailView.xib */; };
		04264CE51C4520980078FA4D /* No_Image_Available.png in Resources */ = {isa = PBXBuildFile; fileRef = 04264CE41C4520980078FA4D /* No_Image_Available.png */; };
		04ADC0041C4CF0530024AD7B /* MovieTypeDetailController.m in Sources */ = {isa = PBXBuildFile; fileRef = 04ADC0021C4CF0530024AD7B /* MovieTypeDetailController.m */; };
		04ADC0051C4CF0530024AD7B /* MovieTypeDetailController.xib in Resources */ = {isa = PBXBuildFile; fileRef = 04ADC0031C4CF0530024AD7B /* MovieTypeDetailController.xib */; };
		04D91C6C1C219342001DCF32 /* animation_mob.gif in Resources */ = {isa = PBXBuildFile; fileRef = 04D91C6B1C219342001DCF32 /* animation_mob.gif */; };
		04E043CE1C33AEC00042AB88 /* MoviewDetailController.m in Sources */ = {isa = PBXBuildFile; fileRef = 04E043CC1C33AEC00042AB88 /* MoviewDetailController.m */; };
		04E043CF1C33AEC00042AB88 /* MoviewDetailController.xib in Resources */ = {isa = PBXBuildFile; fileRef = 04E043CD1C33AEC00042AB88 /* MoviewDetailController.xib */; };
		04E043D91C33AFF80042AB88 /* LableCell.m in Sources */ = {isa = PBXBuildFile; fileRef = 04E043D11C33AFF80042AB88 /* LableCell.m */; };
		04E043DA1C33AFF80042AB88 /* LableCell.xib in Resources */ = {isa = PBXBuildFile; fileRef = 04E043D21C33AFF80042AB88 /* LableCell.xib */; };
		04E043DB1C33AFF80042AB88 /* PhotoCell.m in Sources */ = {isa = PBXBuildFile; fileRef = 04E043D41C33AFF80042AB88 /* PhotoCell.m */; };
		04E043DC1C33AFF80042AB88 /* PhotoCell.xib in Resources */ = {isa = PBXBuildFile; fileRef = 04E043D51C33AFF80042AB88 /* PhotoCell.xib */; };
		04E043DD1C33AFF80042AB88 /* TextViewCell.m in Sources */ = {isa = PBXBuildFile; fileRef = 04E043D71C33AFF80042AB88 /* TextViewCell.m */; };
		04E043DE1C33AFF80042AB88 /* TextViewCell.xib in Resources */ = {isa = PBXBuildFile; fileRef = 04E043D81C33AFF80042AB88 /* TextViewCell.xib */; };
		04E043E71C33B9AD0042AB88 /* ButtonCell.m in Sources */ = {isa = PBXBuildFile; fileRef = 04E043E51C33B9AD0042AB88 /* ButtonCell.m */; };
		04E043E81C33B9AD0042AB88 /* ButtonCell.xib in Resources */ = {isa = PBXBuildFile; fileRef = 04E043E61C33B9AD0042AB88 /* ButtonCell.xib */; };
		04E044161C33FC080042AB88 /* Foundation.framework in Frameworks */ = {isa = PBXBuildFile; fileRef = 04E044151C33FC080042AB88 /* Foundation.framework */; };
		7006BE461C6CC0830022BE69 /* 4s.jpg in Resources */ = {isa = PBXBuildFile; fileRef = 7006BE421C6CC0830022BE69 /* 4s.jpg */; };
		7006BE471C6CC0830022BE69 /* 5s.jpg in Resources */ = {isa = PBXBuildFile; fileRef = 7006BE431C6CC0830022BE69 /* 5s.jpg */; };
		7006BE481C6CC0830022BE69 /* 6plus.jpg in Resources */ = {isa = PBXBuildFile; fileRef = 7006BE441C6CC0830022BE69 /* 6plus.jpg */; };
		7006BE491C6CC0830022BE69 /* 6s.jpg in Resources */ = {isa = PBXBuildFile; fileRef = 7006BE451C6CC0830022BE69 /* 6s.jpg */; };
		70344D0E1C21439700E5AD1A /* background.jpg in Resources */ = {isa = PBXBuildFile; fileRef = 70344D0D1C21439700E5AD1A /* background.jpg */; };
		70344D121C21464D00E5AD1A /* lc.png in Resources */ = {isa = PBXBuildFile; fileRef = 70344D0F1C21464D00E5AD1A /* lc.png */; };
		70344D131C21464D00E5AD1A /* logo.png in Resources */ = {isa = PBXBuildFile; fileRef = 70344D101C21464D00E5AD1A /* logo.png */; };
		70344D141C21464D00E5AD1A /* ph.png in Resources */ = {isa = PBXBuildFile; fileRef = 70344D111C21464D00E5AD1A /* ph.png */; };
		70344D171C21668800E5AD1A /* 1.png in Resources */ = {isa = PBXBuildFile; fileRef = 70344D151C21668800E5AD1A /* 1.png */; };
		70344D181C21668800E5AD1A /* 2.png in Resources */ = {isa = PBXBuildFile; fileRef = 70344D161C21668800E5AD1A /* 2.png */; };
		70344D1A1C216B3300E5AD1A /* logo_update.png in Resources */ = {isa = PBXBuildFile; fileRef = 70344D191C216B3300E5AD1A /* logo_update.png */; };
		704B8CD11C082A6F006257E9 /* main.m in Sources */ = {isa = PBXBuildFile; fileRef = 704B8CD01C082A6F006257E9 /* main.m */; };
		704B8CD41C082A6F006257E9 /* AppDelegate.m in Sources */ = {isa = PBXBuildFile; fileRef = 704B8CD31C082A6F006257E9 /* AppDelegate.m */; };
		704B8CDC1C082A6F006257E9 /* Assets.xcassets in Resources */ = {isa = PBXBuildFile; fileRef = 704B8CDB1C082A6F006257E9 /* Assets.xcassets */; };
		704B8CDF1C082A6F006257E9 /* LaunchScreen.storyboard in Resources */ = {isa = PBXBuildFile; fileRef = 704B8CDD1C082A6F006257E9 /* LaunchScreen.storyboard */; };
		704B8CEA1C082A6F006257E9 /* WhatPostersTests.m in Sources */ = {isa = PBXBuildFile; fileRef = 704B8CE91C082A6F006257E9 /* WhatPostersTests.m */; };
		704B8CF51C082A6F006257E9 /* WhatPostersUITests.m in Sources */ = {isa = PBXBuildFile; fileRef = 704B8CF41C082A6F006257E9 /* WhatPostersUITests.m */; };
		704B8D061C082B1A006257E9 /* SeacrhResults.m in Sources */ = {isa = PBXBuildFile; fileRef = 704B8D041C082B1A006257E9 /* SeacrhResults.m */; };
		704B8D071C082B1A006257E9 /* SeacrhResults.xib in Resources */ = {isa = PBXBuildFile; fileRef = 704B8D051C082B1A006257E9 /* SeacrhResults.xib */; };
		704B8D0C1C082E80006257E9 /* MovieCell.m in Sources */ = {isa = PBXBuildFile; fileRef = 704B8D0A1C082E80006257E9 /* MovieCell.m */; };
		704B8D0D1C082E80006257E9 /* MovieCell.xib in Resources */ = {isa = PBXBuildFile; fileRef = 704B8D0B1C082E80006257E9 /* MovieCell.xib */; };
		704B8D2A1C086F9A006257E9 /* MobileCoreServices.framework in Frameworks */ = {isa = PBXBuildFile; fileRef = 704B8D291C086F9A006257E9 /* MobileCoreServices.framework */; };
		704B8D2C1C086FA0006257E9 /* UIKit.framework in Frameworks */ = {isa = PBXBuildFile; fileRef = 704B8D2B1C086FA0006257E9 /* UIKit.framework */; };
		704B8D2E1C086FA7006257E9 /* CoreFoundation.framework in Frameworks */ = {isa = PBXBuildFile; fileRef = 704B8D2D1C086FA7006257E9 /* CoreFoundation.framework */; };
		704B8D301C086FAF006257E9 /* CoreGraphics.framework in Frameworks */ = {isa = PBXBuildFile; fileRef = 704B8D2F1C086FAF006257E9 /* CoreGraphics.framework */; };
		704B8D351C087BA5006257E9 /* MainViewController.m in Sources */ = {isa = PBXBuildFile; fileRef = 704B8D321C087BA5006257E9 /* MainViewController.m */; };
		704B8D361C087BA5006257E9 /* MainViewController.xib in Resources */ = {isa = PBXBuildFile; fileRef = 704B8D331C087BA5006257E9 /* MainViewController.xib */; };
		704B8D371C087BA5006257E9 /* SearchViewController.m in Sources */ = {isa = PBXBuildFile; fileRef = 704B8D341C087BA5006257E9 /* SearchViewController.m */; };
		704B8D3A1C087BB1006257E9 /* SearchViewController.xib in Resources */ = {isa = PBXBuildFile; fileRef = 704B8D391C087BB1006257E9 /* SearchViewController.xib */; };
		7073140A1C58C88300480294 /* fw.png in Resources */ = {isa = PBXBuildFile; fileRef = 707314091C58C88300480294 /* fw.png */; };
		7073140C1C58CB4C00480294 /* 180x180.png in Resources */ = {isa = PBXBuildFile; fileRef = 7073140B1C58CB4C00480294 /* 180x180.png */; };
		7089C51C1C0DA50100B14779 /* ASAlertView.m in Sources */ = {isa = PBXBuildFile; fileRef = 7089C50F1C0DA50100B14779 /* ASAlertView.m */; };
		7094B1191C0EDAD800BF2AAF /* QuartzCore.framework in Frameworks */ = {isa = PBXBuildFile; fileRef = 7094B1181C0EDAD800BF2AAF /* QuartzCore.framework */; };
		70E681561C6B96B100401D71 /* capture_button@2x.png in Resources */ = {isa = PBXBuildFile; fileRef = 70E681531C6B96B100401D71 /* capture_button@2x.png */; };
		70E681571C6B96B100401D71 /* focusIndicator.png in Resources */ = {isa = PBXBuildFile; fileRef = 70E681541C6B96B100401D71 /* focusIndicator.png */; };
		70E681581C6B96B100401D71 /* focusIndicator@2x.png in Resources */ = {isa = PBXBuildFile; fileRef = 70E681551C6B96B100401D71 /* focusIndicator@2x.png */; };
		70E73C941C6DC45B00BEE563 /* star.png in Resources */ = {isa = PBXBuildFile; fileRef = 70E73C931C6DC45B00BEE563 /* star.png */; };
		70E7A83C1C6CA46F00FE6F36 /* bg.jpg in Resources */ = {isa = PBXBuildFile; fileRef = 70E7A83B1C6CA46F00FE6F36 /* bg.jpg */; };
		D3BA0FF11C636A5E00C533FB /* CustomButtonCell.m in Sources */ = {isa = PBXBuildFile; fileRef = D3BA0FEF1C636A5E00C533FB /* CustomButtonCell.m */; };
		D3BA0FF21C636A5E00C533FB /* CustomButtonCell.xib in Resources */ = {isa = PBXBuildFile; fileRef = D3BA0FF01C636A5E00C533FB /* CustomButtonCell.xib */; };
		D3F16DA31C6DB8FA006032EE /* CameraClose.png in Resources */ = {isa = PBXBuildFile; fileRef = D3F16DA21C6DB8FA006032EE /* CameraClose.png */; };
		D3F5E39C1C6C6D8D0018A597 /* overlaygraphic.png in Resources */ = {isa = PBXBuildFile; fileRef = D3F5E39B1C6C6D8D0018A597 /* overlaygraphic.png */; };
		D3F5E39E1C6CA2FB0018A597 /* CameraShot.png in Resources */ = {isa = PBXBuildFile; fileRef = D3F5E39D1C6CA2FB0018A597 /* CameraShot.png */; };
		D3F5E3A01C6CA52B0018A597 /* logoo.png in Resources */ = {isa = PBXBuildFile; fileRef = D3F5E39F1C6CA52B0018A597 /* logoo.png */; };
		D3FE007E1C69B0D5006BFFEA /* AFHTTPRequestOperation.m in Sources */ = {isa = PBXBuildFile; fileRef = D3FE003B1C69B0D4006BFFEA /* AFHTTPRequestOperation.m */; };
		D3FE007F1C69B0D5006BFFEA /* AFHTTPRequestOperationManager.m in Sources */ = {isa = PBXBuildFile; fileRef = D3FE003D1C69B0D4006BFFEA /* AFHTTPRequestOperationManager.m */; };
		D3FE00801C69B0D5006BFFEA /* AFHTTPSessionManager.m in Sources */ = {isa = PBXBuildFile; fileRef = D3FE003F1C69B0D4006BFFEA /* AFHTTPSessionManager.m */; };
		D3FE00811C69B0D5006BFFEA /* AFNetworkReachabilityManager.m in Sources */ = {isa = PBXBuildFile; fileRef = D3FE00421C69B0D4006BFFEA /* AFNetworkReachabilityManager.m */; };
		D3FE00821C69B0D5006BFFEA /* AFSecurityPolicy.m in Sources */ = {isa = PBXBuildFile; fileRef = D3FE00441C69B0D4006BFFEA /* AFSecurityPolicy.m */; };
		D3FE00831C69B0D5006BFFEA /* AFURLConnectionOperation.m in Sources */ = {isa = PBXBuildFile; fileRef = D3FE00461C69B0D4006BFFEA /* AFURLConnectionOperation.m */; };
		D3FE00841C69B0D5006BFFEA /* AFURLRequestSerialization.m in Sources */ = {isa = PBXBuildFile; fileRef = D3FE00481C69B0D4006BFFEA /* AFURLRequestSerialization.m */; };
		D3FE00851C69B0D5006BFFEA /* AFURLResponseSerialization.m in Sources */ = {isa = PBXBuildFile; fileRef = D3FE004A1C69B0D4006BFFEA /* AFURLResponseSerialization.m */; };
		D3FE00861C69B0D5006BFFEA /* AFURLSessionManager.m in Sources */ = {isa = PBXBuildFile; fileRef = D3FE004C1C69B0D4006BFFEA /* AFURLSessionManager.m */; };
		D3FE00871C69B0D5006BFFEA /* AFNetworkActivityIndicatorManager.m in Sources */ = {isa = PBXBuildFile; fileRef = D3FE004F1C69B0D4006BFFEA /* AFNetworkActivityIndicatorManager.m */; };
		D3FE00881C69B0D5006BFFEA /* UIActivityIndicatorView+AFNetworking.m in Sources */ = {isa = PBXBuildFile; fileRef = D3FE00511C69B0D4006BFFEA /* UIActivityIndicatorView+AFNetworking.m */; };
		D3FE00891C69B0D5006BFFEA /* UIAlertView+AFNetworking.m in Sources */ = {isa = PBXBuildFile; fileRef = D3FE00531C69B0D4006BFFEA /* UIAlertView+AFNetworking.m */; };
		D3FE008A1C69B0D5006BFFEA /* UIButton+AFNetworking.m in Sources */ = {isa = PBXBuildFile; fileRef = D3FE00551C69B0D4006BFFEA /* UIButton+AFNetworking.m */; };
		D3FE008B1C69B0D5006BFFEA /* UIImageView+AFNetworking.m in Sources */ = {isa = PBXBuildFile; fileRef = D3FE00571C69B0D4006BFFEA /* UIImageView+AFNetworking.m */; };
		D3FE008C1C69B0D5006BFFEA /* UIProgressView+AFNetworking.m in Sources */ = {isa = PBXBuildFile; fileRef = D3FE005A1C69B0D4006BFFEA /* UIProgressView+AFNetworking.m */; };
		D3FE008D1C69B0D5006BFFEA /* UIWebView+AFNetworking.m in Sources */ = {isa = PBXBuildFile; fileRef = D3FE005C1C69B0D4006BFFEA /* UIWebView+AFNetworking.m */; };
		D3FE008E1C69B0D5006BFFEA /* UIImage+ImageCompress.m in Sources */ = {isa = PBXBuildFile; fileRef = D3FE005F1C69B0D4006BFFEA /* UIImage+ImageCompress.m */; };
		D3FE008F1C69B0D5006BFFEA /* PECropRectView.m in Sources */ = {isa = PBXBuildFile; fileRef = D3FE00621C69B0D4006BFFEA /* PECropRectView.m */; };
		D3FE00901C69B0D5006BFFEA /* PECropView.m in Sources */ = {isa = PBXBuildFile; fileRef = D3FE00641C69B0D4006BFFEA /* PECropView.m */; };
		D3FE00911C69B0D5006BFFEA /* PECropViewController.m in Sources */ = {isa = PBXBuildFile; fileRef = D3FE00661C69B0D4006BFFEA /* PECropViewController.m */; };
		D3FE00921C69B0D5006BFFEA /* PEResizeControl.m in Sources */ = {isa = PBXBuildFile; fileRef = D3FE00681C69B0D4006BFFEA /* PEResizeControl.m */; };
		D3FE00931C69B0D5006BFFEA /* UIImage+PECrop.m in Sources */ = {isa = PBXBuildFile; fileRef = D3FE006A1C69B0D4006BFFEA /* UIImage+PECrop.m */; };
		D3FE00941C69B0D5006BFFEA /* IndicatorView.m in Sources */ = {isa = PBXBuildFile; fileRef = D3FE006D1C69B0D4006BFFEA /* IndicatorView.m */; };
		D3FE00951C69B0D5006BFFEA /* IndicatorView.xib in Resources */ = {isa = PBXBuildFile; fileRef = D3FE006F1C69B0D4006BFFEA /* IndicatorView.xib */; };
		D3FE00961C69B0D5006BFFEA /* loading.png in Resources */ = {isa = PBXBuildFile; fileRef = D3FE00701C69B0D4006BFFEA /* loading.png */; };
		D3FE00981C69B0D5006BFFEA /* PEPhotoCropEditor.bundle in Resources */ = {isa = PBXBuildFile; fileRef = D3FE00741C69B0D4006BFFEA /* PEPhotoCropEditor.bundle */; };
		D3FE00991C69B0D5006BFFEA /* SVIndefiniteAnimatedView.m in Sources */ = {isa = PBXBuildFile; fileRef = D3FE00771C69B0D5006BFFEA /* SVIndefiniteAnimatedView.m */; };
		D3FE009A1C69B0D5006BFFEA /* SVProgressHUD.bundle in Resources */ = {isa = PBXBuildFile; fileRef = D3FE00791C69B0D5006BFFEA /* SVProgressHUD.bundle */; };
		D3FE009B1C69B0D5006BFFEA /* SVProgressHUD.m in Sources */ = {isa = PBXBuildFile; fileRef = D3FE007B1C69B0D5006BFFEA /* SVProgressHUD.m */; };
		D3FE009C1C69B0D5006BFFEA /* SVRadialGradientLayer.m in Sources */ = {isa = PBXBuildFile; fileRef = D3FE007D1C69B0D5006BFFEA /* SVRadialGradientLayer.m */; };
/* End PBXBuildFile section */

/* Begin PBXContainerItemProxy section */
		704B8CE61C082A6F006257E9 /* PBXContainerItemProxy */ = {
			isa = PBXContainerItemProxy;
			containerPortal = 704B8CC41C082A6F006257E9 /* Project object */;
			proxyType = 1;
			remoteGlobalIDString = 704B8CCB1C082A6F006257E9;
			remoteInfo = WhatPosters;
		};
		704B8CF11C082A6F006257E9 /* PBXContainerItemProxy */ = {
			isa = PBXContainerItemProxy;
			containerPortal = 704B8CC41C082A6F006257E9 /* Project object */;
			proxyType = 1;
			remoteGlobalIDString = 704B8CCB1C082A6F006257E9;
			remoteInfo = WhatPosters;
		};
/* End PBXContainerItemProxy section */

/* Begin PBXFileReference section */
		0413979F1C29333A00851D04 /* Social.framework */ = {isa = PBXFileReference; lastKnownFileType = wrapper.framework; name = Social.framework; path = System/Library/Frameworks/Social.framework; sourceTree = SDKROOT; };
		041397A11C29335B00851D04 /* Accounts.framework */ = {isa = PBXFileReference; lastKnownFileType = wrapper.framework; name = Accounts.framework; path = System/Library/Frameworks/Accounts.framework; sourceTree = SDKROOT; };
		0423AB471C1A9AD600D61910 /* Base64.h */ = {isa = PBXFileReference; fileEncoding = 4; lastKnownFileType = sourcecode.c.h; path = Base64.h; sourceTree = "<group>"; };
		0423AB481C1A9AD600D61910 /* Base64.m */ = {isa = PBXFileReference; fileEncoding = 4; lastKnownFileType = sourcecode.c.objc; path = Base64.m; sourceTree = "<group>"; };
		04264CDF1C44E6780078FA4D /* MoviesPersonsDetailView.h */ = {isa = PBXFileReference; fileEncoding = 4; lastKnownFileType = sourcecode.c.h; path = MoviesPersonsDetailView.h; sourceTree = "<group>"; };
		04264CE01C44E6780078FA4D /* MoviesPersonsDetailView.m */ = {isa = PBXFileReference; fileEncoding = 4; lastKnownFileType = sourcecode.c.objc; path = MoviesPersonsDetailView.m; sourceTree = "<group>"; };
		04264CE11C44E6780078FA4D /* MoviesPersonsDetailView.xib */ = {isa = PBXFileReference; fileEncoding = 4; lastKnownFileType = file.xib; path = MoviesPersonsDetailView.xib; sourceTree = "<group>"; };
		04264CE41C4520980078FA4D /* No_Image_Available.png */ = {isa = PBXFileReference; lastKnownFileType = image.png; path = No_Image_Available.png; sourceTree = "<group>"; };
		04ADC0011C4CF0530024AD7B /* MovieTypeDetailController.h */ = {isa = PBXFileReference; fileEncoding = 4; lastKnownFileType = sourcecode.c.h; path = MovieTypeDetailController.h; sourceTree = "<group>"; };
		04ADC0021C4CF0530024AD7B /* MovieTypeDetailController.m */ = {isa = PBXFileReference; fileEncoding = 4; lastKnownFileType = sourcecode.c.objc; path = MovieTypeDetailController.m; sourceTree = "<group>"; };
		04ADC0031C4CF0530024AD7B /* MovieTypeDetailController.xib */ = {isa = PBXFileReference; fileEncoding = 4; lastKnownFileType = file.xib; path = MovieTypeDetailController.xib; sourceTree = "<group>"; };
		04D91C6B1C219342001DCF32 /* animation_mob.gif */ = {isa = PBXFileReference; lastKnownFileType = image.gif; path = animation_mob.gif; sourceTree = "<group>"; };
		04E043CB1C33AEC00042AB88 /* MoviewDetailController.h */ = {isa = PBXFileReference; fileEncoding = 4; lastKnownFileType = sourcecode.c.h; path = MoviewDetailController.h; sourceTree = "<group>"; };
		04E043CC1C33AEC00042AB88 /* MoviewDetailController.m */ = {isa = PBXFileReference; fileEncoding = 4; lastKnownFileType = sourcecode.c.objc; path = MoviewDetailController.m; sourceTree = "<group>"; };
		04E043CD1C33AEC00042AB88 /* MoviewDetailController.xib */ = {isa = PBXFileReference; fileEncoding = 4; lastKnownFileType = file.xib; path = MoviewDetailController.xib; sourceTree = "<group>"; };
		04E043D01C33AFF80042AB88 /* LableCell.h */ = {isa = PBXFileReference; fileEncoding = 4; lastKnownFileType = sourcecode.c.h; path = LableCell.h; sourceTree = "<group>"; };
		04E043D11C33AFF80042AB88 /* LableCell.m */ = {isa = PBXFileReference; fileEncoding = 4; lastKnownFileType = sourcecode.c.objc; path = LableCell.m; sourceTree = "<group>"; };
		04E043D21C33AFF80042AB88 /* LableCell.xib */ = {isa = PBXFileReference; fileEncoding = 4; lastKnownFileType = file.xib; path = LableCell.xib; sourceTree = "<group>"; };
		04E043D31C33AFF80042AB88 /* PhotoCell.h */ = {isa = PBXFileReference; fileEncoding = 4; lastKnownFileType = sourcecode.c.h; path = PhotoCell.h; sourceTree = "<group>"; };
		04E043D41C33AFF80042AB88 /* PhotoCell.m */ = {isa = PBXFileReference; fileEncoding = 4; lastKnownFileType = sourcecode.c.objc; path = PhotoCell.m; sourceTree = "<group>"; };
		04E043D51C33AFF80042AB88 /* PhotoCell.xib */ = {isa = PBXFileReference; fileEncoding = 4; lastKnownFileType = file.xib; path = PhotoCell.xib; sourceTree = "<group>"; };
		04E043D61C33AFF80042AB88 /* TextViewCell.h */ = {isa = PBXFileReference; fileEncoding = 4; lastKnownFileType = sourcecode.c.h; path = TextViewCell.h; sourceTree = "<group>"; };
		04E043D71C33AFF80042AB88 /* TextViewCell.m */ = {isa = PBXFileReference; fileEncoding = 4; lastKnownFileType = sourcecode.c.objc; path = TextViewCell.m; sourceTree = "<group>"; };
		04E043D81C33AFF80042AB88 /* TextViewCell.xib */ = {isa = PBXFileReference; fileEncoding = 4; lastKnownFileType = file.xib; path = TextViewCell.xib; sourceTree = "<group>"; };
		04E043E41C33B9AD0042AB88 /* ButtonCell.h */ = {isa = PBXFileReference; fileEncoding = 4; lastKnownFileType = sourcecode.c.h; path = ButtonCell.h; sourceTree = "<group>"; };
		04E043E51C33B9AD0042AB88 /* ButtonCell.m */ = {isa = PBXFileReference; fileEncoding = 4; lastKnownFileType = sourcecode.c.objc; path = ButtonCell.m; sourceTree = "<group>"; };
		04E043E61C33B9AD0042AB88 /* ButtonCell.xib */ = {isa = PBXFileReference; fileEncoding = 4; lastKnownFileType = file.xib; path = ButtonCell.xib; sourceTree = "<group>"; };
		04E044151C33FC080042AB88 /* Foundation.framework */ = {isa = PBXFileReference; lastKnownFileType = wrapper.framework; name = Foundation.framework; path = System/Library/Frameworks/Foundation.framework; sourceTree = SDKROOT; };
		7006BE421C6CC0830022BE69 /* 4s.jpg */ = {isa = PBXFileReference; lastKnownFileType = image.jpeg; path = 4s.jpg; sourceTree = "<group>"; };
		7006BE431C6CC0830022BE69 /* 5s.jpg */ = {isa = PBXFileReference; lastKnownFileType = image.jpeg; path = 5s.jpg; sourceTree = "<group>"; };
		7006BE441C6CC0830022BE69 /* 6plus.jpg */ = {isa = PBXFileReference; lastKnownFileType = image.jpeg; path = 6plus.jpg; sourceTree = "<group>"; };
		7006BE451C6CC0830022BE69 /* 6s.jpg */ = {isa = PBXFileReference; lastKnownFileType = image.jpeg; path = 6s.jpg; sourceTree = "<group>"; };
		70344D0D1C21439700E5AD1A /* background.jpg */ = {isa = PBXFileReference; lastKnownFileType = image.jpeg; path = background.jpg; sourceTree = "<group>"; };
		70344D0F1C21464D00E5AD1A /* lc.png */ = {isa = PBXFileReference; lastKnownFileType = image.png; path = lc.png; sourceTree = "<group>"; };
		70344D101C21464D00E5AD1A /* logo.png */ = {isa = PBXFileReference; lastKnownFileType = image.png; path = logo.png; sourceTree = "<group>"; };
		70344D111C21464D00E5AD1A /* ph.png */ = {isa = PBXFileReference; lastKnownFileType = image.png; path = ph.png; sourceTree = "<group>"; };
		70344D151C21668800E5AD1A /* 1.png */ = {isa = PBXFileReference; lastKnownFileType = image.png; path = 1.png; sourceTree = "<group>"; };
		70344D161C21668800E5AD1A /* 2.png */ = {isa = PBXFileReference; lastKnownFileType = image.png; path = 2.png; sourceTree = "<group>"; };
		70344D191C216B3300E5AD1A /* logo_update.png */ = {isa = PBXFileReference; lastKnownFileType = image.png; path = logo_update.png; sourceTree = "<group>"; };
		704B8CCC1C082A6F006257E9 /* FlickWiz.app */ = {isa = PBXFileReference; explicitFileType = wrapper.application; includeInIndex = 0; path = FlickWiz.app; sourceTree = BUILT_PRODUCTS_DIR; };
		704B8CD01C082A6F006257E9 /* main.m */ = {isa = PBXFileReference; lastKnownFileType = sourcecode.c.objc; path = main.m; sourceTree = "<group>"; };
		704B8CD21C082A6F006257E9 /* AppDelegate.h */ = {isa = PBXFileReference; lastKnownFileType = sourcecode.c.h; path = AppDelegate.h; sourceTree = "<group>"; };
		704B8CD31C082A6F006257E9 /* AppDelegate.m */ = {isa = PBXFileReference; lastKnownFileType = sourcecode.c.objc; path = AppDelegate.m; sourceTree = "<group>"; };
		704B8CDB1C082A6F006257E9 /* Assets.xcassets */ = {isa = PBXFileReference; lastKnownFileType = folder.assetcatalog; path = Assets.xcassets; sourceTree = "<group>"; };
		704B8CDE1C082A6F006257E9 /* Base */ = {isa = PBXFileReference; lastKnownFileType = file.storyboard; name = Base; path = Base.lproj/LaunchScreen.storyboard; sourceTree = "<group>"; };
		704B8CE01C082A6F006257E9 /* Info.plist */ = {isa = PBXFileReference; lastKnownFileType = text.plist.xml; path = Info.plist; sourceTree = "<group>"; };
		704B8CE51C082A6F006257E9 /* FlickWiz.xctest */ = {isa = PBXFileReference; explicitFileType = wrapper.cfbundle; includeInIndex = 0; path = FlickWiz.xctest; sourceTree = BUILT_PRODUCTS_DIR; };
		704B8CE91C082A6F006257E9 /* WhatPostersTests.m */ = {isa = PBXFileReference; lastKnownFileType = sourcecode.c.objc; path = WhatPostersTests.m; sourceTree = "<group>"; };
		704B8CEB1C082A6F006257E9 /* Info.plist */ = {isa = PBXFileReference; lastKnownFileType = text.plist.xml; path = Info.plist; sourceTree = "<group>"; };
		704B8CF01C082A6F006257E9 /* FlickWiz.xctest */ = {isa = PBXFileReference; explicitFileType = wrapper.cfbundle; includeInIndex = 0; path = FlickWiz.xctest; sourceTree = BUILT_PRODUCTS_DIR; };
		704B8CF41C082A6F006257E9 /* WhatPostersUITests.m */ = {isa = PBXFileReference; lastKnownFileType = sourcecode.c.objc; path = WhatPostersUITests.m; sourceTree = "<group>"; };
		704B8CF61C082A6F006257E9 /* Info.plist */ = {isa = PBXFileReference; lastKnownFileType = text.plist.xml; path = Info.plist; sourceTree = "<group>"; };
		704B8D031C082B1A006257E9 /* SeacrhResults.h */ = {isa = PBXFileReference; fileEncoding = 4; lastKnownFileType = sourcecode.c.h; path = SeacrhResults.h; sourceTree = "<group>"; };
		704B8D041C082B1A006257E9 /* SeacrhResults.m */ = {isa = PBXFileReference; fileEncoding = 4; lastKnownFileType = sourcecode.c.objc; path = SeacrhResults.m; sourceTree = "<group>"; };
		704B8D051C082B1A006257E9 /* SeacrhResults.xib */ = {isa = PBXFileReference; fileEncoding = 4; lastKnownFileType = file.xib; path = SeacrhResults.xib; sourceTree = "<group>"; };
		704B8D091C082E80006257E9 /* MovieCell.h */ = {isa = PBXFileReference; fileEncoding = 4; lastKnownFileType = sourcecode.c.h; path = MovieCell.h; sourceTree = "<group>"; };
		704B8D0A1C082E80006257E9 /* MovieCell.m */ = {isa = PBXFileReference; fileEncoding = 4; lastKnownFileType = sourcecode.c.objc; path = MovieCell.m; sourceTree = "<group>"; };
		704B8D0B1C082E80006257E9 /* MovieCell.xib */ = {isa = PBXFileReference; fileEncoding = 4; lastKnownFileType = file.xib; path = MovieCell.xib; sourceTree = "<group>"; };
		704B8D291C086F9A006257E9 /* MobileCoreServices.framework */ = {isa = PBXFileReference; lastKnownFileType = wrapper.framework; name = MobileCoreServices.framework; path = System/Library/Frameworks/MobileCoreServices.framework; sourceTree = SDKROOT; };
		704B8D2B1C086FA0006257E9 /* UIKit.framework */ = {isa = PBXFileReference; lastKnownFileType = wrapper.framework; name = UIKit.framework; path = System/Library/Frameworks/UIKit.framework; sourceTree = SDKROOT; };
		704B8D2D1C086FA7006257E9 /* CoreFoundation.framework */ = {isa = PBXFileReference; lastKnownFileType = wrapper.framework; name = CoreFoundation.framework; path = System/Library/Frameworks/CoreFoundation.framework; sourceTree = SDKROOT; };
		704B8D2F1C086FAF006257E9 /* CoreGraphics.framework */ = {isa = PBXFileReference; lastKnownFileType = wrapper.framework; name = CoreGraphics.framework; path = System/Library/Frameworks/CoreGraphics.framework; sourceTree = SDKROOT; };
		704B8D311C087BA5006257E9 /* MainViewController.h */ = {isa = PBXFileReference; fileEncoding = 4; lastKnownFileType = sourcecode.c.h; path = MainViewController.h; sourceTree = "<group>"; };
		704B8D321C087BA5006257E9 /* MainViewController.m */ = {isa = PBXFileReference; fileEncoding = 4; lastKnownFileType = sourcecode.c.objc; path = MainViewController.m; sourceTree = "<group>"; };
		704B8D331C087BA5006257E9 /* MainViewController.xib */ = {isa = PBXFileReference; fileEncoding = 4; lastKnownFileType = file.xib; path = MainViewController.xib; sourceTree = "<group>"; };
		704B8D341C087BA5006257E9 /* SearchViewController.m */ = {isa = PBXFileReference; fileEncoding = 4; lastKnownFileType = sourcecode.c.objc; path = SearchViewController.m; sourceTree = "<group>"; };
		704B8D381C087BB1006257E9 /* SearchViewController.h */ = {isa = PBXFileReference; fileEncoding = 4; lastKnownFileType = sourcecode.c.h; path = SearchViewController.h; sourceTree = "<group>"; };
		704B8D391C087BB1006257E9 /* SearchViewController.xib */ = {isa = PBXFileReference; fileEncoding = 4; lastKnownFileType = file.xib; path = SearchViewController.xib; sourceTree = "<group>"; };
		707314091C58C88300480294 /* fw.png */ = {isa = PBXFileReference; lastKnownFileType = image.png; path = fw.png; sourceTree = "<group>"; };
		7073140B1C58CB4C00480294 /* 180x180.png */ = {isa = PBXFileReference; lastKnownFileType = image.png; path = 180x180.png; sourceTree = "<group>"; };
		7089C50E1C0DA50100B14779 /* ASAlertView.h */ = {isa = PBXFileReference; fileEncoding = 4; lastKnownFileType = sourcecode.c.h; path = ASAlertView.h; sourceTree = "<group>"; };
		7089C50F1C0DA50100B14779 /* ASAlertView.m */ = {isa = PBXFileReference; fileEncoding = 4; lastKnownFileType = sourcecode.c.objc; path = ASAlertView.m; sourceTree = "<group>"; };
		7094B1181C0EDAD800BF2AAF /* QuartzCore.framework */ = {isa = PBXFileReference; lastKnownFileType = wrapper.framework; name = QuartzCore.framework; path = System/Library/Frameworks/QuartzCore.framework; sourceTree = SDKROOT; };
		70E681531C6B96B100401D71 /* capture_button@2x.png */ = {isa = PBXFileReference; lastKnownFileType = image.png; path = "capture_button@2x.png"; sourceTree = "<group>"; };
		70E681541C6B96B100401D71 /* focusIndicator.png */ = {isa = PBXFileReference; lastKnownFileType = image.png; path = focusIndicator.png; sourceTree = "<group>"; };
		70E681551C6B96B100401D71 /* focusIndicator@2x.png */ = {isa = PBXFileReference; lastKnownFileType = image.png; path = "focusIndicator@2x.png"; sourceTree = "<group>"; };
		70E73C931C6DC45B00BEE563 /* star.png */ = {isa = PBXFileReference; lastKnownFileType = image.png; path = star.png; sourceTree = "<group>"; };
		70E7A83B1C6CA46F00FE6F36 /* bg.jpg */ = {isa = PBXFileReference; lastKnownFileType = image.jpeg; path = bg.jpg; sourceTree = "<group>"; };
		D3BA0FEE1C636A5E00C533FB /* CustomButtonCell.h */ = {isa = PBXFileReference; fileEncoding = 4; lastKnownFileType = sourcecode.c.h; path = CustomButtonCell.h; sourceTree = "<group>"; };
		D3BA0FEF1C636A5E00C533FB /* CustomButtonCell.m */ = {isa = PBXFileReference; fileEncoding = 4; lastKnownFileType = sourcecode.c.objc; path = CustomButtonCell.m; sourceTree = "<group>"; };
		D3BA0FF01C636A5E00C533FB /* CustomButtonCell.xib */ = {isa = PBXFileReference; fileEncoding = 4; lastKnownFileType = file.xib; path = CustomButtonCell.xib; sourceTree = "<group>"; };
		D3F16DA21C6DB8FA006032EE /* CameraClose.png */ = {isa = PBXFileReference; lastKnownFileType = image.png; path = CameraClose.png; sourceTree = "<group>"; };
		D3F5E39B1C6C6D8D0018A597 /* overlaygraphic.png */ = {isa = PBXFileReference; lastKnownFileType = image.png; path = overlaygraphic.png; sourceTree = "<group>"; };
		D3F5E39D1C6CA2FB0018A597 /* CameraShot.png */ = {isa = PBXFileReference; lastKnownFileType = image.png; path = CameraShot.png; sourceTree = "<group>"; };
		D3F5E39F1C6CA52B0018A597 /* logoo.png */ = {isa = PBXFileReference; lastKnownFileType = image.png; path = logoo.png; sourceTree = "<group>"; };
		D3FE003A1C69B0D4006BFFEA /* AFHTTPRequestOperation.h */ = {isa = PBXFileReference; fileEncoding = 4; lastKnownFileType = sourcecode.c.h; path = AFHTTPRequestOperation.h; sourceTree = "<group>"; };
		D3FE003B1C69B0D4006BFFEA /* AFHTTPRequestOperation.m */ = {isa = PBXFileReference; fileEncoding = 4; lastKnownFileType = sourcecode.c.objc; path = AFHTTPRequestOperation.m; sourceTree = "<group>"; };
		D3FE003C1C69B0D4006BFFEA /* AFHTTPRequestOperationManager.h */ = {isa = PBXFileReference; fileEncoding = 4; lastKnownFileType = sourcecode.c.h; path = AFHTTPRequestOperationManager.h; sourceTree = "<group>"; };
		D3FE003D1C69B0D4006BFFEA /* AFHTTPRequestOperationManager.m */ = {isa = PBXFileReference; fileEncoding = 4; lastKnownFileType = sourcecode.c.objc; path = AFHTTPRequestOperationManager.m; sourceTree = "<group>"; };
		D3FE003E1C69B0D4006BFFEA /* AFHTTPSessionManager.h */ = {isa = PBXFileReference; fileEncoding = 4; lastKnownFileType = sourcecode.c.h; path = AFHTTPSessionManager.h; sourceTree = "<group>"; };
		D3FE003F1C69B0D4006BFFEA /* AFHTTPSessionManager.m */ = {isa = PBXFileReference; fileEncoding = 4; lastKnownFileType = sourcecode.c.objc; path = AFHTTPSessionManager.m; sourceTree = "<group>"; };
		D3FE00401C69B0D4006BFFEA /* AFNetworking.h */ = {isa = PBXFileReference; fileEncoding = 4; lastKnownFileType = sourcecode.c.h; path = AFNetworking.h; sourceTree = "<group>"; };
		D3FE00411C69B0D4006BFFEA /* AFNetworkReachabilityManager.h */ = {isa = PBXFileReference; fileEncoding = 4; lastKnownFileType = sourcecode.c.h; path = AFNetworkReachabilityManager.h; sourceTree = "<group>"; };
		D3FE00421C69B0D4006BFFEA /* AFNetworkReachabilityManager.m */ = {isa = PBXFileReference; fileEncoding = 4; lastKnownFileType = sourcecode.c.objc; path = AFNetworkReachabilityManager.m; sourceTree = "<group>"; };
		D3FE00431C69B0D4006BFFEA /* AFSecurityPolicy.h */ = {isa = PBXFileReference; fileEncoding = 4; lastKnownFileType = sourcecode.c.h; path = AFSecurityPolicy.h; sourceTree = "<group>"; };
		D3FE00441C69B0D4006BFFEA /* AFSecurityPolicy.m */ = {isa = PBXFileReference; fileEncoding = 4; lastKnownFileType = sourcecode.c.objc; path = AFSecurityPolicy.m; sourceTree = "<group>"; };
		D3FE00451C69B0D4006BFFEA /* AFURLConnectionOperation.h */ = {isa = PBXFileReference; fileEncoding = 4; lastKnownFileType = sourcecode.c.h; path = AFURLConnectionOperation.h; sourceTree = "<group>"; };
		D3FE00461C69B0D4006BFFEA /* AFURLConnectionOperation.m */ = {isa = PBXFileReference; fileEncoding = 4; lastKnownFileType = sourcecode.c.objc; path = AFURLConnectionOperation.m; sourceTree = "<group>"; };
		D3FE00471C69B0D4006BFFEA /* AFURLRequestSerialization.h */ = {isa = PBXFileReference; fileEncoding = 4; lastKnownFileType = sourcecode.c.h; path = AFURLRequestSerialization.h; sourceTree = "<group>"; };
		D3FE00481C69B0D4006BFFEA /* AFURLRequestSerialization.m */ = {isa = PBXFileReference; fileEncoding = 4; lastKnownFileType = sourcecode.c.objc; path = AFURLRequestSerialization.m; sourceTree = "<group>"; };
		D3FE00491C69B0D4006BFFEA /* AFURLResponseSerialization.h */ = {isa = PBXFileReference; fileEncoding = 4; lastKnownFileType = sourcecode.c.h; path = AFURLResponseSerialization.h; sourceTree = "<group>"; };
		D3FE004A1C69B0D4006BFFEA /* AFURLResponseSerialization.m */ = {isa = PBXFileReference; fileEncoding = 4; lastKnownFileType = sourcecode.c.objc; path = AFURLResponseSerialization.m; sourceTree = "<group>"; };
		D3FE004B1C69B0D4006BFFEA /* AFURLSessionManager.h */ = {isa = PBXFileReference; fileEncoding = 4; lastKnownFileType = sourcecode.c.h; path = AFURLSessionManager.h; sourceTree = "<group>"; };
		D3FE004C1C69B0D4006BFFEA /* AFURLSessionManager.m */ = {isa = PBXFileReference; fileEncoding = 4; lastKnownFileType = sourcecode.c.objc; path = AFURLSessionManager.m; sourceTree = "<group>"; };
		D3FE004E1C69B0D4006BFFEA /* AFNetworkActivityIndicatorManager.h */ = {isa = PBXFileReference; fileEncoding = 4; lastKnownFileType = sourcecode.c.h; path = AFNetworkActivityIndicatorManager.h; sourceTree = "<group>"; };
		D3FE004F1C69B0D4006BFFEA /* AFNetworkActivityIndicatorManager.m */ = {isa = PBXFileReference; fileEncoding = 4; lastKnownFileType = sourcecode.c.objc; path = AFNetworkActivityIndicatorManager.m; sourceTree = "<group>"; };
		D3FE00501C69B0D4006BFFEA /* UIActivityIndicatorView+AFNetworking.h */ = {isa = PBXFileReference; fileEncoding = 4; lastKnownFileType = sourcecode.c.h; path = "UIActivityIndicatorView+AFNetworking.h"; sourceTree = "<group>"; };
		D3FE00511C69B0D4006BFFEA /* UIActivityIndicatorView+AFNetworking.m */ = {isa = PBXFileReference; fileEncoding = 4; lastKnownFileType = sourcecode.c.objc; path = "UIActivityIndicatorView+AFNetworking.m"; sourceTree = "<group>"; };
		D3FE00521C69B0D4006BFFEA /* UIAlertView+AFNetworking.h */ = {isa = PBXFileReference; fileEncoding = 4; lastKnownFileType = sourcecode.c.h; path = "UIAlertView+AFNetworking.h"; sourceTree = "<group>"; };
		D3FE00531C69B0D4006BFFEA /* UIAlertView+AFNetworking.m */ = {isa = PBXFileReference; fileEncoding = 4; lastKnownFileType = sourcecode.c.objc; path = "UIAlertView+AFNetworking.m"; sourceTree = "<group>"; };
		D3FE00541C69B0D4006BFFEA /* UIButton+AFNetworking.h */ = {isa = PBXFileReference; fileEncoding = 4; lastKnownFileType = sourcecode.c.h; path = "UIButton+AFNetworking.h"; sourceTree = "<group>"; };
		D3FE00551C69B0D4006BFFEA /* UIButton+AFNetworking.m */ = {isa = PBXFileReference; fileEncoding = 4; lastKnownFileType = sourcecode.c.objc; path = "UIButton+AFNetworking.m"; sourceTree = "<group>"; };
		D3FE00561C69B0D4006BFFEA /* UIImageView+AFNetworking.h */ = {isa = PBXFileReference; fileEncoding = 4; lastKnownFileType = sourcecode.c.h; path = "UIImageView+AFNetworking.h"; sourceTree = "<group>"; };
		D3FE00571C69B0D4006BFFEA /* UIImageView+AFNetworking.m */ = {isa = PBXFileReference; fileEncoding = 4; lastKnownFileType = sourcecode.c.objc; path = "UIImageView+AFNetworking.m"; sourceTree = "<group>"; };
		D3FE00581C69B0D4006BFFEA /* UIKit+AFNetworking.h */ = {isa = PBXFileReference; fileEncoding = 4; lastKnownFileType = sourcecode.c.h; path = "UIKit+AFNetworking.h"; sourceTree = "<group>"; };
		D3FE00591C69B0D4006BFFEA /* UIProgressView+AFNetworking.h */ = {isa = PBXFileReference; fileEncoding = 4; lastKnownFileType = sourcecode.c.h; path = "UIProgressView+AFNetworking.h"; sourceTree = "<group>"; };
		D3FE005A1C69B0D4006BFFEA /* UIProgressView+AFNetworking.m */ = {isa = PBXFileReference; fileEncoding = 4; lastKnownFileType = sourcecode.c.objc; path = "UIProgressView+AFNetworking.m"; sourceTree = "<group>"; };
		D3FE005B1C69B0D4006BFFEA /* UIWebView+AFNetworking.h */ = {isa = PBXFileReference; fileEncoding = 4; lastKnownFileType = sourcecode.c.h; path = "UIWebView+AFNetworking.h"; sourceTree = "<group>"; };
		D3FE005C1C69B0D4006BFFEA /* UIWebView+AFNetworking.m */ = {isa = PBXFileReference; fileEncoding = 4; lastKnownFileType = sourcecode.c.objc; path = "UIWebView+AFNetworking.m"; sourceTree = "<group>"; };
		D3FE005E1C69B0D4006BFFEA /* UIImage+ImageCompress.h */ = {isa = PBXFileReference; fileEncoding = 4; lastKnownFileType = sourcecode.c.h; path = "UIImage+ImageCompress.h"; sourceTree = "<group>"; };
		D3FE005F1C69B0D4006BFFEA /* UIImage+ImageCompress.m */ = {isa = PBXFileReference; fileEncoding = 4; lastKnownFileType = sourcecode.c.objc; path = "UIImage+ImageCompress.m"; sourceTree = "<group>"; };
		D3FE00611C69B0D4006BFFEA /* PECropRectView.h */ = {isa = PBXFileReference; fileEncoding = 4; lastKnownFileType = sourcecode.c.h; path = PECropRectView.h; sourceTree = "<group>"; };
		D3FE00621C69B0D4006BFFEA /* PECropRectView.m */ = {isa = PBXFileReference; fileEncoding = 4; lastKnownFileType = sourcecode.c.objc; path = PECropRectView.m; sourceTree = "<group>"; };
		D3FE00631C69B0D4006BFFEA /* PECropView.h */ = {isa = PBXFileReference; fileEncoding = 4; lastKnownFileType = sourcecode.c.h; path = PECropView.h; sourceTree = "<group>"; };
		D3FE00641C69B0D4006BFFEA /* PECropView.m */ = {isa = PBXFileReference; fileEncoding = 4; lastKnownFileType = sourcecode.c.objc; path = PECropView.m; sourceTree = "<group>"; };
		D3FE00651C69B0D4006BFFEA /* PECropViewController.h */ = {isa = PBXFileReference; fileEncoding = 4; lastKnownFileType = sourcecode.c.h; path = PECropViewController.h; sourceTree = "<group>"; };
		D3FE00661C69B0D4006BFFEA /* PECropViewController.m */ = {isa = PBXFileReference; fileEncoding = 4; lastKnownFileType = sourcecode.c.objc; path = PECropViewController.m; sourceTree = "<group>"; };
		D3FE00671C69B0D4006BFFEA /* PEResizeControl.h */ = {isa = PBXFileReference; fileEncoding = 4; lastKnownFileType = sourcecode.c.h; path = PEResizeControl.h; sourceTree = "<group>"; };
		D3FE00681C69B0D4006BFFEA /* PEResizeControl.m */ = {isa = PBXFileReference; fileEncoding = 4; lastKnownFileType = sourcecode.c.objc; path = PEResizeControl.m; sourceTree = "<group>"; };
		D3FE00691C69B0D4006BFFEA /* UIImage+PECrop.h */ = {isa = PBXFileReference; fileEncoding = 4; lastKnownFileType = sourcecode.c.h; path = "UIImage+PECrop.h"; sourceTree = "<group>"; };
		D3FE006A1C69B0D4006BFFEA /* UIImage+PECrop.m */ = {isa = PBXFileReference; fileEncoding = 4; lastKnownFileType = sourcecode.c.objc; path = "UIImage+PECrop.m"; sourceTree = "<group>"; };
		D3FE006C1C69B0D4006BFFEA /* IndicatorView.h */ = {isa = PBXFileReference; fileEncoding = 4; lastKnownFileType = sourcecode.c.h; path = IndicatorView.h; sourceTree = "<group>"; };
		D3FE006D1C69B0D4006BFFEA /* IndicatorView.m */ = {isa = PBXFileReference; fileEncoding = 4; lastKnownFileType = sourcecode.c.objc; path = IndicatorView.m; sourceTree = "<group>"; };
		D3FE006F1C69B0D4006BFFEA /* IndicatorView.xib */ = {isa = PBXFileReference; fileEncoding = 4; lastKnownFileType = file.xib; path = IndicatorView.xib; sourceTree = "<group>"; };
		D3FE00701C69B0D4006BFFEA /* loading.png */ = {isa = PBXFileReference; lastKnownFileType = image.png; path = loading.png; sourceTree = "<group>"; };
		D3FE00741C69B0D4006BFFEA /* PEPhotoCropEditor.bundle */ = {isa = PBXFileReference; lastKnownFileType = "wrapper.plug-in"; path = PEPhotoCropEditor.bundle; sourceTree = "<group>"; };
		D3FE00761C69B0D5006BFFEA /* SVIndefiniteAnimatedView.h */ = {isa = PBXFileReference; fileEncoding = 4; lastKnownFileType = sourcecode.c.h; path = SVIndefiniteAnimatedView.h; sourceTree = "<group>"; };
		D3FE00771C69B0D5006BFFEA /* SVIndefiniteAnimatedView.m */ = {isa = PBXFileReference; fileEncoding = 4; lastKnownFileType = sourcecode.c.objc; path = SVIndefiniteAnimatedView.m; sourceTree = "<group>"; };
		D3FE00781C69B0D5006BFFEA /* SVProgressHUD-Prefix.pch */ = {isa = PBXFileReference; fileEncoding = 4; lastKnownFileType = sourcecode.c.h; path = "SVProgressHUD-Prefix.pch"; sourceTree = "<group>"; };
		D3FE00791C69B0D5006BFFEA /* SVProgressHUD.bundle */ = {isa = PBXFileReference; lastKnownFileType = "wrapper.plug-in"; path = SVProgressHUD.bundle; sourceTree = "<group>"; };
		D3FE007A1C69B0D5006BFFEA /* SVProgressHUD.h */ = {isa = PBXFileReference; fileEncoding = 4; lastKnownFileType = sourcecode.c.h; path = SVProgressHUD.h; sourceTree = "<group>"; };
		D3FE007B1C69B0D5006BFFEA /* SVProgressHUD.m */ = {isa = PBXFileReference; fileEncoding = 4; lastKnownFileType = sourcecode.c.objc; path = SVProgressHUD.m; sourceTree = "<group>"; };
		D3FE007C1C69B0D5006BFFEA /* SVRadialGradientLayer.h */ = {isa = PBXFileReference; fileEncoding = 4; lastKnownFileType = sourcecode.c.h; path = SVRadialGradientLayer.h; sourceTree = "<group>"; };
		D3FE007D1C69B0D5006BFFEA /* SVRadialGradientLayer.m */ = {isa = PBXFileReference; fileEncoding = 4; lastKnownFileType = sourcecode.c.objc; path = SVRadialGradientLayer.m; sourceTree = "<group>"; };
/* End PBXFileReference section */

/* Begin PBXFrameworksBuildPhase section */
		704B8CC91C082A6F006257E9 /* Frameworks */ = {
			isa = PBXFrameworksBuildPhase;
			buildActionMask = 2147483647;
			files = (
				04E044161C33FC080042AB88 /* Foundation.framework in Frameworks */,
				041397A21C29335B00851D04 /* Accounts.framework in Frameworks */,
				041397A01C29333A00851D04 /* Social.framework in Frameworks */,
				7094B1191C0EDAD800BF2AAF /* QuartzCore.framework in Frameworks */,
				704B8D301C086FAF006257E9 /* CoreGraphics.framework in Frameworks */,
				704B8D2E1C086FA7006257E9 /* CoreFoundation.framework in Frameworks */,
				704B8D2C1C086FA0006257E9 /* UIKit.framework in Frameworks */,
				704B8D2A1C086F9A006257E9 /* MobileCoreServices.framework in Frameworks */,
			);
			runOnlyForDeploymentPostprocessing = 0;
		};
		704B8CE21C082A6F006257E9 /* Frameworks */ = {
			isa = PBXFrameworksBuildPhase;
			buildActionMask = 2147483647;
			files = (
			);
			runOnlyForDeploymentPostprocessing = 0;
		};
		704B8CED1C082A6F006257E9 /* Frameworks */ = {
			isa = PBXFrameworksBuildPhase;
			buildActionMask = 2147483647;
			files = (
			);
			runOnlyForDeploymentPostprocessing = 0;
		};
/* End PBXFrameworksBuildPhase section */

/* Begin PBXGroup section */
		704B8CC31C082A6F006257E9 = {
			isa = PBXGroup;
			children = (
				D3FE00371C69B0D4006BFFEA /* Third Library */,
				7094B1131C0EC87000BF2AAF /* images */,
				7089C50D1C0DA50000B14779 /* SharedClass */,
				704B8D081C082E5A006257E9 /* TableCell */,
				704B8D021C082AE2006257E9 /* ContentView */,
				704B8CCE1C082A6F006257E9 /* WhatPosters */,
				704B8CE81C082A6F006257E9 /* WhatPostersTests */,
				704B8CF31C082A6F006257E9 /* WhatPostersUITests */,
				704B8CCD1C082A6F006257E9 /* Products */,
			);
			sourceTree = "<group>";
		};
		704B8CCD1C082A6F006257E9 /* Products */ = {
			isa = PBXGroup;
			children = (
				704B8CCC1C082A6F006257E9 /* FlickWiz.app */,
				704B8CE51C082A6F006257E9 /* FlickWiz.xctest */,
				704B8CF01C082A6F006257E9 /* FlickWiz.xctest */,
			);
			name = Products;
			sourceTree = "<group>";
		};
		704B8CCE1C082A6F006257E9 /* WhatPosters */ = {
			isa = PBXGroup;
			children = (
				704B8CD21C082A6F006257E9 /* AppDelegate.h */,
				704B8CD31C082A6F006257E9 /* AppDelegate.m */,
				704B8CDB1C082A6F006257E9 /* Assets.xcassets */,
				704B8CDD1C082A6F006257E9 /* LaunchScreen.storyboard */,
				704B8CE01C082A6F006257E9 /* Info.plist */,
				704B8CCF1C082A6F006257E9 /* Supporting Files */,
			);
			path = WhatPosters;
			sourceTree = "<group>";
		};
		704B8CCF1C082A6F006257E9 /* Supporting Files */ = {
			isa = PBXGroup;
			children = (
				704B8CD01C082A6F006257E9 /* main.m */,
			);
			name = "Supporting Files";
			sourceTree = "<group>";
		};
		704B8CE81C082A6F006257E9 /* WhatPostersTests */ = {
			isa = PBXGroup;
			children = (
				041397A11C29335B00851D04 /* Accounts.framework */,
				0413979F1C29333A00851D04 /* Social.framework */,
				7094B1181C0EDAD800BF2AAF /* QuartzCore.framework */,
				704B8D2F1C086FAF006257E9 /* CoreGraphics.framework */,
				04E044151C33FC080042AB88 /* Foundation.framework */,
				704B8D2D1C086FA7006257E9 /* CoreFoundation.framework */,
				704B8D2B1C086FA0006257E9 /* UIKit.framework */,
				704B8D291C086F9A006257E9 /* MobileCoreServices.framework */,
				704B8CE91C082A6F006257E9 /* WhatPostersTests.m */,
				704B8CEB1C082A6F006257E9 /* Info.plist */,
			);
			path = WhatPostersTests;
			sourceTree = "<group>";
		};
		704B8CF31C082A6F006257E9 /* WhatPostersUITests */ = {
			isa = PBXGroup;
			children = (
				704B8CF41C082A6F006257E9 /* WhatPostersUITests.m */,
				704B8CF61C082A6F006257E9 /* Info.plist */,
			);
			path = WhatPostersUITests;
			sourceTree = "<group>";
		};
		704B8D021C082AE2006257E9 /* ContentView */ = {
			isa = PBXGroup;
			children = (
				704B8D311C087BA5006257E9 /* MainViewController.h */,
				704B8D321C087BA5006257E9 /* MainViewController.m */,
				704B8D331C087BA5006257E9 /* MainViewController.xib */,
				704B8D381C087BB1006257E9 /* SearchViewController.h */,
				704B8D341C087BA5006257E9 /* SearchViewController.m */,
				704B8D391C087BB1006257E9 /* SearchViewController.xib */,
				704B8D031C082B1A006257E9 /* SeacrhResults.h */,
				704B8D041C082B1A006257E9 /* SeacrhResults.m */,
				704B8D051C082B1A006257E9 /* SeacrhResults.xib */,
				04E043CB1C33AEC00042AB88 /* MoviewDetailController.h */,
				04E043CC1C33AEC00042AB88 /* MoviewDetailController.m */,
				04E043CD1C33AEC00042AB88 /* MoviewDetailController.xib */,
				04264CDF1C44E6780078FA4D /* MoviesPersonsDetailView.h */,
				04264CE01C44E6780078FA4D /* MoviesPersonsDetailView.m */,
				04264CE11C44E6780078FA4D /* MoviesPersonsDetailView.xib */,
				04ADC0011C4CF0530024AD7B /* MovieTypeDetailController.h */,
				04ADC0021C4CF0530024AD7B /* MovieTypeDetailController.m */,
				04ADC0031C4CF0530024AD7B /* MovieTypeDetailController.xib */,
			);
			name = ContentView;
			path = WhatPosters/ContentView;
			sourceTree = "<group>";
		};
		704B8D081C082E5A006257E9 /* TableCell */ = {
			isa = PBXGroup;
			children = (
				04E043D01C33AFF80042AB88 /* LableCell.h */,
				04E043D11C33AFF80042AB88 /* LableCell.m */,
				04E043D21C33AFF80042AB88 /* LableCell.xib */,
				04E043D31C33AFF80042AB88 /* PhotoCell.h */,
				04E043D41C33AFF80042AB88 /* PhotoCell.m */,
				04E043D51C33AFF80042AB88 /* PhotoCell.xib */,
				04E043D61C33AFF80042AB88 /* TextViewCell.h */,
				04E043D71C33AFF80042AB88 /* TextViewCell.m */,
				04E043D81C33AFF80042AB88 /* TextViewCell.xib */,
				704B8D091C082E80006257E9 /* MovieCell.h */,
				704B8D0A1C082E80006257E9 /* MovieCell.m */,
				704B8D0B1C082E80006257E9 /* MovieCell.xib */,
				04E043E41C33B9AD0042AB88 /* ButtonCell.h */,
				04E043E51C33B9AD0042AB88 /* ButtonCell.m */,
				04E043E61C33B9AD0042AB88 /* ButtonCell.xib */,
				D3BA0FEE1C636A5E00C533FB /* CustomButtonCell.h */,
				D3BA0FEF1C636A5E00C533FB /* CustomButtonCell.m */,
				D3BA0FF01C636A5E00C533FB /* CustomButtonCell.xib */,
			);
			name = TableCell;
			path = WhatPosters/TableCell;
			sourceTree = "<group>";
		};
		7089C50D1C0DA50000B14779 /* SharedClass */ = {
			isa = PBXGroup;
			children = (
				0423AB471C1A9AD600D61910 /* Base64.h */,
				0423AB481C1A9AD600D61910 /* Base64.m */,
				7089C50E1C0DA50100B14779 /* ASAlertView.h */,
				7089C50F1C0DA50100B14779 /* ASAlertView.m */,
			);
			name = SharedClass;
			path = WhatPosters/SharedClass;
			sourceTree = "<group>";
		};
		7094B1131C0EC87000BF2AAF /* images */ = {
			isa = PBXGroup;
			children = (
<<<<<<< Updated upstream
				70E73C931C6DC45B00BEE563 /* star.png */,
				7006BE421C6CC0830022BE69 /* 4s.jpg */,
				7006BE431C6CC0830022BE69 /* 5s.jpg */,
				7006BE441C6CC0830022BE69 /* 6plus.jpg */,
				7006BE451C6CC0830022BE69 /* 6s.jpg */,
				70E7A83B1C6CA46F00FE6F36 /* bg.jpg */,
				70E681531C6B96B100401D71 /* capture_button@2x.png */,
				70E681541C6B96B100401D71 /* focusIndicator.png */,
				70E681551C6B96B100401D71 /* focusIndicator@2x.png */,
=======
				D3F16DA21C6DB8FA006032EE /* CameraClose.png */,
				D3F5E39F1C6CA52B0018A597 /* logoo.png */,
				D3F5E39D1C6CA2FB0018A597 /* CameraShot.png */,
				D3F5E39B1C6C6D8D0018A597 /* overlaygraphic.png */,
>>>>>>> Stashed changes
				7073140B1C58CB4C00480294 /* 180x180.png */,
				707314091C58C88300480294 /* fw.png */,
				04264CE41C4520980078FA4D /* No_Image_Available.png */,
				04D91C6B1C219342001DCF32 /* animation_mob.gif */,
				70344D191C216B3300E5AD1A /* logo_update.png */,
				70344D151C21668800E5AD1A /* 1.png */,
				70344D161C21668800E5AD1A /* 2.png */,
				70344D0D1C21439700E5AD1A /* background.jpg */,
				70344D0F1C21464D00E5AD1A /* lc.png */,
				70344D101C21464D00E5AD1A /* logo.png */,
				70344D111C21464D00E5AD1A /* ph.png */,
			);
			name = images;
			path = WhatPosters/images;
			sourceTree = "<group>";
		};
		D3FE00371C69B0D4006BFFEA /* Third Library */ = {
			isa = PBXGroup;
			children = (
				D3FE00381C69B0D4006BFFEA /* AFNetworking */,
				D3FE005D1C69B0D4006BFFEA /* ImageCompress */,
				D3FE00601C69B0D4006BFFEA /* Lib */,
				D3FE006B1C69B0D4006BFFEA /* PEAR-Indicator-iOS */,
				D3FE00711C69B0D4006BFFEA /* ProgressHUD */,
				D3FE00731C69B0D4006BFFEA /* Resources */,
				D3FE00751C69B0D4006BFFEA /* SVProgressHUD */,
			);
			name = "Third Library";
			path = "WhatPosters/Third Library";
			sourceTree = "<group>";
		};
		D3FE00381C69B0D4006BFFEA /* AFNetworking */ = {
			isa = PBXGroup;
			children = (
				D3FE00391C69B0D4006BFFEA /* AFNetworking */,
				D3FE004D1C69B0D4006BFFEA /* UIKit+AFNetworking */,
			);
			path = AFNetworking;
			sourceTree = "<group>";
		};
		D3FE00391C69B0D4006BFFEA /* AFNetworking */ = {
			isa = PBXGroup;
			children = (
				D3FE003A1C69B0D4006BFFEA /* AFHTTPRequestOperation.h */,
				D3FE003B1C69B0D4006BFFEA /* AFHTTPRequestOperation.m */,
				D3FE003C1C69B0D4006BFFEA /* AFHTTPRequestOperationManager.h */,
				D3FE003D1C69B0D4006BFFEA /* AFHTTPRequestOperationManager.m */,
				D3FE003E1C69B0D4006BFFEA /* AFHTTPSessionManager.h */,
				D3FE003F1C69B0D4006BFFEA /* AFHTTPSessionManager.m */,
				D3FE00401C69B0D4006BFFEA /* AFNetworking.h */,
				D3FE00411C69B0D4006BFFEA /* AFNetworkReachabilityManager.h */,
				D3FE00421C69B0D4006BFFEA /* AFNetworkReachabilityManager.m */,
				D3FE00431C69B0D4006BFFEA /* AFSecurityPolicy.h */,
				D3FE00441C69B0D4006BFFEA /* AFSecurityPolicy.m */,
				D3FE00451C69B0D4006BFFEA /* AFURLConnectionOperation.h */,
				D3FE00461C69B0D4006BFFEA /* AFURLConnectionOperation.m */,
				D3FE00471C69B0D4006BFFEA /* AFURLRequestSerialization.h */,
				D3FE00481C69B0D4006BFFEA /* AFURLRequestSerialization.m */,
				D3FE00491C69B0D4006BFFEA /* AFURLResponseSerialization.h */,
				D3FE004A1C69B0D4006BFFEA /* AFURLResponseSerialization.m */,
				D3FE004B1C69B0D4006BFFEA /* AFURLSessionManager.h */,
				D3FE004C1C69B0D4006BFFEA /* AFURLSessionManager.m */,
			);
			path = AFNetworking;
			sourceTree = "<group>";
		};
		D3FE004D1C69B0D4006BFFEA /* UIKit+AFNetworking */ = {
			isa = PBXGroup;
			children = (
				D3FE004E1C69B0D4006BFFEA /* AFNetworkActivityIndicatorManager.h */,
				D3FE004F1C69B0D4006BFFEA /* AFNetworkActivityIndicatorManager.m */,
				D3FE00501C69B0D4006BFFEA /* UIActivityIndicatorView+AFNetworking.h */,
				D3FE00511C69B0D4006BFFEA /* UIActivityIndicatorView+AFNetworking.m */,
				D3FE00521C69B0D4006BFFEA /* UIAlertView+AFNetworking.h */,
				D3FE00531C69B0D4006BFFEA /* UIAlertView+AFNetworking.m */,
				D3FE00541C69B0D4006BFFEA /* UIButton+AFNetworking.h */,
				D3FE00551C69B0D4006BFFEA /* UIButton+AFNetworking.m */,
				D3FE00561C69B0D4006BFFEA /* UIImageView+AFNetworking.h */,
				D3FE00571C69B0D4006BFFEA /* UIImageView+AFNetworking.m */,
				D3FE00581C69B0D4006BFFEA /* UIKit+AFNetworking.h */,
				D3FE00591C69B0D4006BFFEA /* UIProgressView+AFNetworking.h */,
				D3FE005A1C69B0D4006BFFEA /* UIProgressView+AFNetworking.m */,
				D3FE005B1C69B0D4006BFFEA /* UIWebView+AFNetworking.h */,
				D3FE005C1C69B0D4006BFFEA /* UIWebView+AFNetworking.m */,
			);
			path = "UIKit+AFNetworking";
			sourceTree = "<group>";
		};
		D3FE005D1C69B0D4006BFFEA /* ImageCompress */ = {
			isa = PBXGroup;
			children = (
				D3FE005E1C69B0D4006BFFEA /* UIImage+ImageCompress.h */,
				D3FE005F1C69B0D4006BFFEA /* UIImage+ImageCompress.m */,
			);
			path = ImageCompress;
			sourceTree = "<group>";
		};
		D3FE00601C69B0D4006BFFEA /* Lib */ = {
			isa = PBXGroup;
			children = (
				D3FE00611C69B0D4006BFFEA /* PECropRectView.h */,
				D3FE00621C69B0D4006BFFEA /* PECropRectView.m */,
				D3FE00631C69B0D4006BFFEA /* PECropView.h */,
				D3FE00641C69B0D4006BFFEA /* PECropView.m */,
				D3FE00651C69B0D4006BFFEA /* PECropViewController.h */,
				D3FE00661C69B0D4006BFFEA /* PECropViewController.m */,
				D3FE00671C69B0D4006BFFEA /* PEResizeControl.h */,
				D3FE00681C69B0D4006BFFEA /* PEResizeControl.m */,
				D3FE00691C69B0D4006BFFEA /* UIImage+PECrop.h */,
				D3FE006A1C69B0D4006BFFEA /* UIImage+PECrop.m */,
			);
			path = Lib;
			sourceTree = "<group>";
		};
		D3FE006B1C69B0D4006BFFEA /* PEAR-Indicator-iOS */ = {
			isa = PBXGroup;
			children = (
				D3FE006C1C69B0D4006BFFEA /* IndicatorView.h */,
				D3FE006D1C69B0D4006BFFEA /* IndicatorView.m */,
				D3FE006E1C69B0D4006BFFEA /* resource */,
			);
			path = "PEAR-Indicator-iOS";
			sourceTree = "<group>";
		};
		D3FE006E1C69B0D4006BFFEA /* resource */ = {
			isa = PBXGroup;
			children = (
				D3FE006F1C69B0D4006BFFEA /* IndicatorView.xib */,
				D3FE00701C69B0D4006BFFEA /* loading.png */,
			);
			path = resource;
			sourceTree = "<group>";
		};
		D3FE00711C69B0D4006BFFEA /* ProgressHUD */ = {
			isa = PBXGroup;
			children = (
			);
			path = ProgressHUD;
			sourceTree = "<group>";
		};
		D3FE00731C69B0D4006BFFEA /* Resources */ = {
			isa = PBXGroup;
			children = (
				D3FE00741C69B0D4006BFFEA /* PEPhotoCropEditor.bundle */,
			);
			path = Resources;
			sourceTree = "<group>";
		};
		D3FE00751C69B0D4006BFFEA /* SVProgressHUD */ = {
			isa = PBXGroup;
			children = (
				D3FE00761C69B0D5006BFFEA /* SVIndefiniteAnimatedView.h */,
				D3FE00771C69B0D5006BFFEA /* SVIndefiniteAnimatedView.m */,
				D3FE00781C69B0D5006BFFEA /* SVProgressHUD-Prefix.pch */,
				D3FE00791C69B0D5006BFFEA /* SVProgressHUD.bundle */,
				D3FE007A1C69B0D5006BFFEA /* SVProgressHUD.h */,
				D3FE007B1C69B0D5006BFFEA /* SVProgressHUD.m */,
				D3FE007C1C69B0D5006BFFEA /* SVRadialGradientLayer.h */,
				D3FE007D1C69B0D5006BFFEA /* SVRadialGradientLayer.m */,
			);
			path = SVProgressHUD;
			sourceTree = "<group>";
		};
/* End PBXGroup section */

/* Begin PBXNativeTarget section */
		704B8CCB1C082A6F006257E9 /* FlickWiz */ = {
			isa = PBXNativeTarget;
			buildConfigurationList = 704B8CF91C082A6F006257E9 /* Build configuration list for PBXNativeTarget "FlickWiz" */;
			buildPhases = (
				704B8CC81C082A6F006257E9 /* Sources */,
				704B8CC91C082A6F006257E9 /* Frameworks */,
				704B8CCA1C082A6F006257E9 /* Resources */,
			);
			buildRules = (
			);
			dependencies = (
			);
			name = FlickWiz;
			productName = WhatPosters;
			productReference = 704B8CCC1C082A6F006257E9 /* FlickWiz.app */;
			productType = "com.apple.product-type.application";
		};
		704B8CE41C082A6F006257E9 /* FlickWizTests */ = {
			isa = PBXNativeTarget;
			buildConfigurationList = 704B8CFC1C082A6F006257E9 /* Build configuration list for PBXNativeTarget "FlickWizTests" */;
			buildPhases = (
				704B8CE11C082A6F006257E9 /* Sources */,
				704B8CE21C082A6F006257E9 /* Frameworks */,
				704B8CE31C082A6F006257E9 /* Resources */,
			);
			buildRules = (
			);
			dependencies = (
				704B8CE71C082A6F006257E9 /* PBXTargetDependency */,
			);
			name = FlickWizTests;
			productName = WhatPostersTests;
			productReference = 704B8CE51C082A6F006257E9 /* FlickWiz.xctest */;
			productType = "com.apple.product-type.bundle.unit-test";
		};
		704B8CEF1C082A6F006257E9 /* FlickWizUITests */ = {
			isa = PBXNativeTarget;
			buildConfigurationList = 704B8CFF1C082A6F006257E9 /* Build configuration list for PBXNativeTarget "FlickWizUITests" */;
			buildPhases = (
				704B8CEC1C082A6F006257E9 /* Sources */,
				704B8CED1C082A6F006257E9 /* Frameworks */,
				704B8CEE1C082A6F006257E9 /* Resources */,
			);
			buildRules = (
			);
			dependencies = (
				704B8CF21C082A6F006257E9 /* PBXTargetDependency */,
			);
			name = FlickWizUITests;
			productName = WhatPostersUITests;
			productReference = 704B8CF01C082A6F006257E9 /* FlickWiz.xctest */;
			productType = "com.apple.product-type.bundle.ui-testing";
		};
/* End PBXNativeTarget section */

/* Begin PBXProject section */
		704B8CC41C082A6F006257E9 /* Project object */ = {
			isa = PBXProject;
			attributes = {
				LastUpgradeCheck = 0710;
				ORGANIZATIONNAME = Qazi;
				TargetAttributes = {
					704B8CCB1C082A6F006257E9 = {
						CreatedOnToolsVersion = 7.1.1;
						DevelopmentTeam = 7KJQC6223W;
					};
					704B8CE41C082A6F006257E9 = {
						CreatedOnToolsVersion = 7.1.1;
						TestTargetID = 704B8CCB1C082A6F006257E9;
					};
					704B8CEF1C082A6F006257E9 = {
						CreatedOnToolsVersion = 7.1.1;
						TestTargetID = 704B8CCB1C082A6F006257E9;
					};
				};
			};
			buildConfigurationList = 704B8CC71C082A6F006257E9 /* Build configuration list for PBXProject "FlickWiz" */;
			compatibilityVersion = "Xcode 3.2";
			developmentRegion = English;
			hasScannedForEncodings = 0;
			knownRegions = (
				en,
				Base,
			);
			mainGroup = 704B8CC31C082A6F006257E9;
			productRefGroup = 704B8CCD1C082A6F006257E9 /* Products */;
			projectDirPath = "";
			projectRoot = "";
			targets = (
				704B8CCB1C082A6F006257E9 /* FlickWiz */,
				704B8CE41C082A6F006257E9 /* FlickWizTests */,
				704B8CEF1C082A6F006257E9 /* FlickWizUITests */,
			);
		};
/* End PBXProject section */

/* Begin PBXResourcesBuildPhase section */
		704B8CCA1C082A6F006257E9 /* Resources */ = {
			isa = PBXResourcesBuildPhase;
			buildActionMask = 2147483647;
			files = (
				7073140A1C58C88300480294 /* fw.png in Resources */,
				7006BE491C6CC0830022BE69 /* 6s.jpg in Resources */,
				70E681561C6B96B100401D71 /* capture_button@2x.png in Resources */,
				70344D181C21668800E5AD1A /* 2.png in Resources */,
				D3BA0FF21C636A5E00C533FB /* CustomButtonCell.xib in Resources */,
				70344D121C21464D00E5AD1A /* lc.png in Resources */,
				70344D131C21464D00E5AD1A /* logo.png in Resources */,
				D3F5E39C1C6C6D8D0018A597 /* overlaygraphic.png in Resources */,
				04264CE51C4520980078FA4D /* No_Image_Available.png in Resources */,
				70344D171C21668800E5AD1A /* 1.png in Resources */,
				04E043CF1C33AEC00042AB88 /* MoviewDetailController.xib in Resources */,
				704B8CDF1C082A6F006257E9 /* LaunchScreen.storyboard in Resources */,
				D3F5E3A01C6CA52B0018A597 /* logoo.png in Resources */,
				04E043DC1C33AFF80042AB88 /* PhotoCell.xib in Resources */,
				70E681581C6B96B100401D71 /* focusIndicator@2x.png in Resources */,
				70E681571C6B96B100401D71 /* focusIndicator.png in Resources */,
				704B8D071C082B1A006257E9 /* SeacrhResults.xib in Resources */,
				04264CE31C44E6780078FA4D /* MoviesPersonsDetailView.xib in Resources */,
				04E043DA1C33AFF80042AB88 /* LableCell.xib in Resources */,
				D3F16DA31C6DB8FA006032EE /* CameraClose.png in Resources */,
				D3FE00961C69B0D5006BFFEA /* loading.png in Resources */,
				70344D141C21464D00E5AD1A /* ph.png in Resources */,
				7006BE481C6CC0830022BE69 /* 6plus.jpg in Resources */,
				704B8D0D1C082E80006257E9 /* MovieCell.xib in Resources */,
				7073140C1C58CB4C00480294 /* 180x180.png in Resources */,
				7006BE471C6CC0830022BE69 /* 5s.jpg in Resources */,
				D3FE009A1C69B0D5006BFFEA /* SVProgressHUD.bundle in Resources */,
				70344D0E1C21439700E5AD1A /* background.jpg in Resources */,
				04ADC0051C4CF0530024AD7B /* MovieTypeDetailController.xib in Resources */,
				70344D1A1C216B3300E5AD1A /* logo_update.png in Resources */,
				704B8D361C087BA5006257E9 /* MainViewController.xib in Resources */,
				D3FE00951C69B0D5006BFFEA /* IndicatorView.xib in Resources */,
				D3F5E39E1C6CA2FB0018A597 /* CameraShot.png in Resources */,
				D3FE00981C69B0D5006BFFEA /* PEPhotoCropEditor.bundle in Resources */,
				04E043DE1C33AFF80042AB88 /* TextViewCell.xib in Resources */,
				70E73C941C6DC45B00BEE563 /* star.png in Resources */,
				7006BE461C6CC0830022BE69 /* 4s.jpg in Resources */,
				04D91C6C1C219342001DCF32 /* animation_mob.gif in Resources */,
				704B8CDC1C082A6F006257E9 /* Assets.xcassets in Resources */,
				04E043E81C33B9AD0042AB88 /* ButtonCell.xib in Resources */,
				70E7A83C1C6CA46F00FE6F36 /* bg.jpg in Resources */,
				704B8D3A1C087BB1006257E9 /* SearchViewController.xib in Resources */,
			);
			runOnlyForDeploymentPostprocessing = 0;
		};
		704B8CE31C082A6F006257E9 /* Resources */ = {
			isa = PBXResourcesBuildPhase;
			buildActionMask = 2147483647;
			files = (
			);
			runOnlyForDeploymentPostprocessing = 0;
		};
		704B8CEE1C082A6F006257E9 /* Resources */ = {
			isa = PBXResourcesBuildPhase;
			buildActionMask = 2147483647;
			files = (
			);
			runOnlyForDeploymentPostprocessing = 0;
		};
/* End PBXResourcesBuildPhase section */

/* Begin PBXSourcesBuildPhase section */
		704B8CC81C082A6F006257E9 /* Sources */ = {
			isa = PBXSourcesBuildPhase;
			buildActionMask = 2147483647;
			files = (
				D3FE00931C69B0D5006BFFEA /* UIImage+PECrop.m in Sources */,
				D3FE00861C69B0D5006BFFEA /* AFURLSessionManager.m in Sources */,
				D3FE00921C69B0D5006BFFEA /* PEResizeControl.m in Sources */,
				D3FE008B1C69B0D5006BFFEA /* UIImageView+AFNetworking.m in Sources */,
				D3FE00831C69B0D5006BFFEA /* AFURLConnectionOperation.m in Sources */,
				04E043DB1C33AFF80042AB88 /* PhotoCell.m in Sources */,
				D3FE008D1C69B0D5006BFFEA /* UIWebView+AFNetworking.m in Sources */,
				D3FE00801C69B0D5006BFFEA /* AFHTTPSessionManager.m in Sources */,
				D3FE00811C69B0D5006BFFEA /* AFNetworkReachabilityManager.m in Sources */,
				D3FE008F1C69B0D5006BFFEA /* PECropRectView.m in Sources */,
				704B8CD41C082A6F006257E9 /* AppDelegate.m in Sources */,
				D3FE00911C69B0D5006BFFEA /* PECropViewController.m in Sources */,
				04E043CE1C33AEC00042AB88 /* MoviewDetailController.m in Sources */,
				704B8D351C087BA5006257E9 /* MainViewController.m in Sources */,
				04E043E71C33B9AD0042AB88 /* ButtonCell.m in Sources */,
				D3FE00821C69B0D5006BFFEA /* AFSecurityPolicy.m in Sources */,
				D3FE009B1C69B0D5006BFFEA /* SVProgressHUD.m in Sources */,
				D3FE008C1C69B0D5006BFFEA /* UIProgressView+AFNetworking.m in Sources */,
				04E043DD1C33AFF80042AB88 /* TextViewCell.m in Sources */,
				D3FE008A1C69B0D5006BFFEA /* UIButton+AFNetworking.m in Sources */,
				04E043D91C33AFF80042AB88 /* LableCell.m in Sources */,
				D3FE009C1C69B0D5006BFFEA /* SVRadialGradientLayer.m in Sources */,
				0423AB491C1A9AD600D61910 /* Base64.m in Sources */,
				D3FE007F1C69B0D5006BFFEA /* AFHTTPRequestOperationManager.m in Sources */,
				04ADC0041C4CF0530024AD7B /* MovieTypeDetailController.m in Sources */,
				704B8D061C082B1A006257E9 /* SeacrhResults.m in Sources */,
				D3FE00891C69B0D5006BFFEA /* UIAlertView+AFNetworking.m in Sources */,
				D3FE00901C69B0D5006BFFEA /* PECropView.m in Sources */,
				704B8D0C1C082E80006257E9 /* MovieCell.m in Sources */,
				704B8CD11C082A6F006257E9 /* main.m in Sources */,
				D3FE00941C69B0D5006BFFEA /* IndicatorView.m in Sources */,
				D3FE008E1C69B0D5006BFFEA /* UIImage+ImageCompress.m in Sources */,
				704B8D371C087BA5006257E9 /* SearchViewController.m in Sources */,
				D3BA0FF11C636A5E00C533FB /* CustomButtonCell.m in Sources */,
				7089C51C1C0DA50100B14779 /* ASAlertView.m in Sources */,
				D3FE00841C69B0D5006BFFEA /* AFURLRequestSerialization.m in Sources */,
				D3FE00991C69B0D5006BFFEA /* SVIndefiniteAnimatedView.m in Sources */,
				D3FE00871C69B0D5006BFFEA /* AFNetworkActivityIndicatorManager.m in Sources */,
				D3FE007E1C69B0D5006BFFEA /* AFHTTPRequestOperation.m in Sources */,
				D3FE00881C69B0D5006BFFEA /* UIActivityIndicatorView+AFNetworking.m in Sources */,
				D3FE00851C69B0D5006BFFEA /* AFURLResponseSerialization.m in Sources */,
				04264CE21C44E6780078FA4D /* MoviesPersonsDetailView.m in Sources */,
			);
			runOnlyForDeploymentPostprocessing = 0;
		};
		704B8CE11C082A6F006257E9 /* Sources */ = {
			isa = PBXSourcesBuildPhase;
			buildActionMask = 2147483647;
			files = (
				704B8CEA1C082A6F006257E9 /* WhatPostersTests.m in Sources */,
			);
			runOnlyForDeploymentPostprocessing = 0;
		};
		704B8CEC1C082A6F006257E9 /* Sources */ = {
			isa = PBXSourcesBuildPhase;
			buildActionMask = 2147483647;
			files = (
				704B8CF51C082A6F006257E9 /* WhatPostersUITests.m in Sources */,
			);
			runOnlyForDeploymentPostprocessing = 0;
		};
/* End PBXSourcesBuildPhase section */

/* Begin PBXTargetDependency section */
		704B8CE71C082A6F006257E9 /* PBXTargetDependency */ = {
			isa = PBXTargetDependency;
			target = 704B8CCB1C082A6F006257E9 /* FlickWiz */;
			targetProxy = 704B8CE61C082A6F006257E9 /* PBXContainerItemProxy */;
		};
		704B8CF21C082A6F006257E9 /* PBXTargetDependency */ = {
			isa = PBXTargetDependency;
			target = 704B8CCB1C082A6F006257E9 /* FlickWiz */;
			targetProxy = 704B8CF11C082A6F006257E9 /* PBXContainerItemProxy */;
		};
/* End PBXTargetDependency section */

/* Begin PBXVariantGroup section */
		704B8CDD1C082A6F006257E9 /* LaunchScreen.storyboard */ = {
			isa = PBXVariantGroup;
			children = (
				704B8CDE1C082A6F006257E9 /* Base */,
			);
			name = LaunchScreen.storyboard;
			sourceTree = "<group>";
		};
/* End PBXVariantGroup section */

/* Begin XCBuildConfiguration section */
		704B8CF71C082A6F006257E9 /* Debug */ = {
			isa = XCBuildConfiguration;
			buildSettings = {
				ALWAYS_SEARCH_USER_PATHS = NO;
				CLANG_CXX_LANGUAGE_STANDARD = "gnu++0x";
				CLANG_CXX_LIBRARY = "libc++";
				CLANG_ENABLE_MODULES = YES;
				CLANG_ENABLE_OBJC_ARC = YES;
				CLANG_WARN_BOOL_CONVERSION = YES;
				CLANG_WARN_CONSTANT_CONVERSION = YES;
				CLANG_WARN_DIRECT_OBJC_ISA_USAGE = YES_ERROR;
				CLANG_WARN_EMPTY_BODY = YES;
				CLANG_WARN_ENUM_CONVERSION = YES;
				CLANG_WARN_INT_CONVERSION = YES;
				CLANG_WARN_OBJC_ROOT_CLASS = YES_ERROR;
				CLANG_WARN_UNREACHABLE_CODE = YES;
				CLANG_WARN__DUPLICATE_METHOD_MATCH = YES;
				"CODE_SIGN_IDENTITY[sdk=iphoneos*]" = "iPhone Developer";
				COPY_PHASE_STRIP = NO;
				DEBUG_INFORMATION_FORMAT = dwarf;
				ENABLE_STRICT_OBJC_MSGSEND = YES;
				ENABLE_TESTABILITY = YES;
				GCC_C_LANGUAGE_STANDARD = gnu99;
				GCC_DYNAMIC_NO_PIC = NO;
				GCC_NO_COMMON_BLOCKS = YES;
				GCC_OPTIMIZATION_LEVEL = 0;
				GCC_PREPROCESSOR_DEFINITIONS = (
					"DEBUG=1",
					"$(inherited)",
				);
				GCC_WARN_64_TO_32_BIT_CONVERSION = YES;
				GCC_WARN_ABOUT_RETURN_TYPE = YES_ERROR;
				GCC_WARN_UNDECLARED_SELECTOR = YES;
				GCC_WARN_UNINITIALIZED_AUTOS = YES_AGGRESSIVE;
				GCC_WARN_UNUSED_FUNCTION = YES;
				GCC_WARN_UNUSED_VARIABLE = YES;
				IPHONEOS_DEPLOYMENT_TARGET = 7.0;
				MTL_ENABLE_DEBUG_INFO = YES;
				ONLY_ACTIVE_ARCH = YES;
				SDKROOT = iphoneos;
			};
			name = Debug;
		};
		704B8CF81C082A6F006257E9 /* Release */ = {
			isa = XCBuildConfiguration;
			buildSettings = {
				ALWAYS_SEARCH_USER_PATHS = NO;
				CLANG_CXX_LANGUAGE_STANDARD = "gnu++0x";
				CLANG_CXX_LIBRARY = "libc++";
				CLANG_ENABLE_MODULES = YES;
				CLANG_ENABLE_OBJC_ARC = YES;
				CLANG_WARN_BOOL_CONVERSION = YES;
				CLANG_WARN_CONSTANT_CONVERSION = YES;
				CLANG_WARN_DIRECT_OBJC_ISA_USAGE = YES_ERROR;
				CLANG_WARN_EMPTY_BODY = YES;
				CLANG_WARN_ENUM_CONVERSION = YES;
				CLANG_WARN_INT_CONVERSION = YES;
				CLANG_WARN_OBJC_ROOT_CLASS = YES_ERROR;
				CLANG_WARN_UNREACHABLE_CODE = YES;
				CLANG_WARN__DUPLICATE_METHOD_MATCH = YES;
				"CODE_SIGN_IDENTITY[sdk=iphoneos*]" = "iPhone Developer";
				COPY_PHASE_STRIP = NO;
				DEBUG_INFORMATION_FORMAT = "dwarf-with-dsym";
				ENABLE_NS_ASSERTIONS = NO;
				ENABLE_STRICT_OBJC_MSGSEND = YES;
				GCC_C_LANGUAGE_STANDARD = gnu99;
				GCC_NO_COMMON_BLOCKS = YES;
				GCC_WARN_64_TO_32_BIT_CONVERSION = YES;
				GCC_WARN_ABOUT_RETURN_TYPE = YES_ERROR;
				GCC_WARN_UNDECLARED_SELECTOR = YES;
				GCC_WARN_UNINITIALIZED_AUTOS = YES_AGGRESSIVE;
				GCC_WARN_UNUSED_FUNCTION = YES;
				GCC_WARN_UNUSED_VARIABLE = YES;
				IPHONEOS_DEPLOYMENT_TARGET = 7.0;
				MTL_ENABLE_DEBUG_INFO = NO;
				SDKROOT = iphoneos;
				VALIDATE_PRODUCT = YES;
			};
			name = Release;
		};
		704B8CFA1C082A6F006257E9 /* Debug */ = {
			isa = XCBuildConfiguration;
			buildSettings = {
				ASSETCATALOG_COMPILER_APPICON_NAME = AppIcon;
				CODE_SIGN_IDENTITY = "iPhone Developer";
				"CODE_SIGN_IDENTITY[sdk=iphoneos*]" = "iPhone Developer";
				INFOPLIST_FILE = WhatPosters/Info.plist;
				IPHONEOS_DEPLOYMENT_TARGET = 7.0;
				LD_RUNPATH_SEARCH_PATHS = "$(inherited) @executable_path/Frameworks";
				PRODUCT_BUNDLE_IDENTIFIER = FlickWiz1;
				PRODUCT_NAME = FlickWiz;
				PROVISIONING_PROFILE = "";
			};
			name = Debug;
		};
		704B8CFB1C082A6F006257E9 /* Release */ = {
			isa = XCBuildConfiguration;
			buildSettings = {
				ASSETCATALOG_COMPILER_APPICON_NAME = AppIcon;
				CODE_SIGN_IDENTITY = "iPhone Developer";
				"CODE_SIGN_IDENTITY[sdk=iphoneos*]" = "iPhone Developer";
				INFOPLIST_FILE = WhatPosters/Info.plist;
				IPHONEOS_DEPLOYMENT_TARGET = 7.0;
				LD_RUNPATH_SEARCH_PATHS = "$(inherited) @executable_path/Frameworks";
				PRODUCT_BUNDLE_IDENTIFIER = FlickWiz1;
				PRODUCT_NAME = FlickWiz;
				PROVISIONING_PROFILE = "";
			};
			name = Release;
		};
		704B8CFD1C082A6F006257E9 /* Debug */ = {
			isa = XCBuildConfiguration;
			buildSettings = {
				BUNDLE_LOADER = "$(TEST_HOST)";
				INFOPLIST_FILE = WhatPostersTests/Info.plist;
				LD_RUNPATH_SEARCH_PATHS = "$(inherited) @executable_path/Frameworks @loader_path/Frameworks";
				PRODUCT_BUNDLE_IDENTIFIER = com.WhatPostersTests;
				PRODUCT_NAME = FlickWiz;
				TEST_HOST = "$(BUILT_PRODUCTS_DIR)/FlickWiz.app/FlickWiz";
			};
			name = Debug;
		};
		704B8CFE1C082A6F006257E9 /* Release */ = {
			isa = XCBuildConfiguration;
			buildSettings = {
				BUNDLE_LOADER = "$(TEST_HOST)";
				INFOPLIST_FILE = WhatPostersTests/Info.plist;
				LD_RUNPATH_SEARCH_PATHS = "$(inherited) @executable_path/Frameworks @loader_path/Frameworks";
				PRODUCT_BUNDLE_IDENTIFIER = com.WhatPostersTests;
				PRODUCT_NAME = FlickWiz;
				TEST_HOST = "$(BUILT_PRODUCTS_DIR)/FlickWiz.app/FlickWiz";
			};
			name = Release;
		};
		704B8D001C082A6F006257E9 /* Debug */ = {
			isa = XCBuildConfiguration;
			buildSettings = {
				INFOPLIST_FILE = WhatPostersUITests/Info.plist;
				LD_RUNPATH_SEARCH_PATHS = "$(inherited) @executable_path/Frameworks @loader_path/Frameworks";
				PRODUCT_BUNDLE_IDENTIFIER = com.WhatPostersUITests;
				PRODUCT_NAME = FlickWiz;
				TEST_TARGET_NAME = WhatPosters;
				USES_XCTRUNNER = YES;
			};
			name = Debug;
		};
		704B8D011C082A6F006257E9 /* Release */ = {
			isa = XCBuildConfiguration;
			buildSettings = {
				INFOPLIST_FILE = WhatPostersUITests/Info.plist;
				LD_RUNPATH_SEARCH_PATHS = "$(inherited) @executable_path/Frameworks @loader_path/Frameworks";
				PRODUCT_BUNDLE_IDENTIFIER = com.WhatPostersUITests;
				PRODUCT_NAME = FlickWiz;
				TEST_TARGET_NAME = WhatPosters;
				USES_XCTRUNNER = YES;
			};
			name = Release;
		};
/* End XCBuildConfiguration section */

/* Begin XCConfigurationList section */
		704B8CC71C082A6F006257E9 /* Build configuration list for PBXProject "FlickWiz" */ = {
			isa = XCConfigurationList;
			buildConfigurations = (
				704B8CF71C082A6F006257E9 /* Debug */,
				704B8CF81C082A6F006257E9 /* Release */,
			);
			defaultConfigurationIsVisible = 0;
			defaultConfigurationName = Release;
		};
		704B8CF91C082A6F006257E9 /* Build configuration list for PBXNativeTarget "FlickWiz" */ = {
			isa = XCConfigurationList;
			buildConfigurations = (
				704B8CFA1C082A6F006257E9 /* Debug */,
				704B8CFB1C082A6F006257E9 /* Release */,
			);
			defaultConfigurationIsVisible = 0;
			defaultConfigurationName = Release;
		};
		704B8CFC1C082A6F006257E9 /* Build configuration list for PBXNativeTarget "FlickWizTests" */ = {
			isa = XCConfigurationList;
			buildConfigurations = (
				704B8CFD1C082A6F006257E9 /* Debug */,
				704B8CFE1C082A6F006257E9 /* Release */,
			);
			defaultConfigurationIsVisible = 0;
			defaultConfigurationName = Release;
		};
		704B8CFF1C082A6F006257E9 /* Build configuration list for PBXNativeTarget "FlickWizUITests" */ = {
			isa = XCConfigurationList;
			buildConfigurations = (
				704B8D001C082A6F006257E9 /* Debug */,
				704B8D011C082A6F006257E9 /* Release */,
			);
			defaultConfigurationIsVisible = 0;
			defaultConfigurationName = Release;
		};
/* End XCConfigurationList section */
	};
	rootObject = 704B8CC41C082A6F006257E9 /* Project object */;
}
